<?xml version='1.0' encoding='UTF-8'?>
<Scheme LastUpgradeVersion="2660" version="1.7">
  <BuildAction parallelizeBuildables="YES" buildImplicitDependencies="YES">
    <BuildActionEntries>
      <BuildActionEntry buildForTesting="YES" buildForRunning="YES" buildForProfiling="YES" buildForArchiving="YES" buildForAnalyzing="YES">
        <BuildableReference BuildableIdentifier="primary" BlueprintIdentifier="228F048C924B351E1CC48EBF" BuildableName="JFTA.app" BlueprintName="JFTA" ReferencedContainer="container:JFTA.xcodeproj" />
      </BuildActionEntry>
    </BuildActionEntries>
  </BuildAction>
  <TestAction buildConfiguration="Debug" selectedDebuggerIdentifier="Xcode.DebuggerFoundation.Debugger.LLDB" selectedLauncherIdentifier="Xcode.IDEFoundation.Launcher.LLDB" shouldUseLaunchSchemeArgsEnv="YES">
    <Testables>
      <TestableReference skipped="NO" parallelizable="NO">
        <BuildableReference BuildableIdentifier="primary" BlueprintIdentifier="F5044CDA439C7CF390685583" BuildableName="JFTAUnitTests.xctest" BlueprintName="JFTAUnitTests" ReferencedContainer="container:JFTA.xcodeproj" />
      </TestableReference>
      <TestableReference skipped="NO" parallelizable="NO">
        <BuildableReference BuildableIdentifier="primary" BlueprintIdentifier="2F423DE29763A233B447D894" BuildableName="JFTAUITests.xctest" BlueprintName="JFTAUITests" ReferencedContainer="container:JFTA.xcodeproj" />
      </TestableReference>
    </Testables>
  </TestAction>
  <LaunchAction buildConfiguration="Debug" selectedDebuggerIdentifier="Xcode.DebuggerFoundation.Debugger.LLDB" selectedLauncherIdentifier="Xcode.IDEFoundation.Launcher.LLDB" launchStyle="0" useCustomWorkingDirectory="NO" ignoresPersistentStateOnLaunch="NO" debugDocumentVersioning="YES" debugServiceExtension="internal" allowLocationSimulation="YES">
    <BuildableProductRunnable runnableDebuggingMode="0">
      <BuildableReference BuildableIdentifier="primary" BlueprintIdentifier="228F048C924B351E1CC48EBF" BuildableName="JFTA.app" BlueprintName="JFTA" ReferencedContainer="container:JFTA.xcodeproj" />
    </BuildableProductRunnable>
  </LaunchAction>
  <ProfileAction buildConfiguration="Release" shouldUseLaunchSchemeArgsEnv="YES" savedToolIdentifier="" useCustomWorkingDirectory="NO" debugDocumentVersioning="YES">
    <BuildableProductRunnable runnableDebuggingMode="0">
      <BuildableReference BuildableIdentifier="primary" BlueprintIdentifier="228F048C924B351E1CC48EBF" BuildableName="JFTA.app" BlueprintName="JFTA" ReferencedContainer="container:JFTA.xcodeproj" />
    </BuildableProductRunnable>
  </ProfileAction>
  <AnalyzeAction buildConfiguration="Debug" />
  <ArchiveAction buildConfiguration="Release" revealArchiveInOrganizer="YES" />
</Scheme>